// !$*UTF8*$!
{
	archiveVersion = 1;
	classes = {
	};
	objectVersion = 50;
	objects = {

/* Begin PBXBuildFile section */
		1B27992C218C64A4006302B9 /* AppDelegate.swift in Sources */ = {isa = PBXBuildFile; fileRef = 1B27992B218C64A4006302B9 /* AppDelegate.swift */; };
		1B27992E218C64A4006302B9 /* ViewController.swift in Sources */ = {isa = PBXBuildFile; fileRef = 1B27992D218C64A4006302B9 /* ViewController.swift */; };
		1B279931218C64A4006302B9 /* Main.storyboard in Resources */ = {isa = PBXBuildFile; fileRef = 1B27992F218C64A4006302B9 /* Main.storyboard */; };
		1B279933218C64A7006302B9 /* Assets.xcassets in Resources */ = {isa = PBXBuildFile; fileRef = 1B279932218C64A7006302B9 /* Assets.xcassets */; };
		1B279936218C64A7006302B9 /* LaunchScreen.storyboard in Resources */ = {isa = PBXBuildFile; fileRef = 1B279934218C64A7006302B9 /* LaunchScreen.storyboard */; };
		1B279941218C64A7006302B9 /* FormValidationTestTests.swift in Sources */ = {isa = PBXBuildFile; fileRef = 1B279940218C64A7006302B9 /* FormValidationTestTests.swift */; };
/* End PBXBuildFile section */

/* Begin PBXContainerItemProxy section */
		1B27993D218C64A7006302B9 /* PBXContainerItemProxy */ = {
			isa = PBXContainerItemProxy;
			containerPortal = 1B279920218C64A4006302B9 /* Project object */;
			proxyType = 1;
			remoteGlobalIDString = 1B279927218C64A4006302B9;
			remoteInfo = FormValidationTest;
		};
/* End PBXContainerItemProxy section */

/* Begin PBXFileReference section */
		1B279928218C64A4006302B9 /* FormValidationTest.app */ = {isa = PBXFileReference; explicitFileType = wrapper.application; includeInIndex = 0; path = FormValidationTest.app; sourceTree = BUILT_PRODUCTS_DIR; };
		1B27992B218C64A4006302B9 /* AppDelegate.swift */ = {isa = PBXFileReference; lastKnownFileType = sourcecode.swift; path = AppDelegate.swift; sourceTree = "<group>"; };
		1B27992D218C64A4006302B9 /* ViewController.swift */ = {isa = PBXFileReference; lastKnownFileType = sourcecode.swift; path = ViewController.swift; sourceTree = "<group>"; };
		1B279930218C64A4006302B9 /* Base */ = {isa = PBXFileReference; lastKnownFileType = file.storyboard; name = Base; path = Base.lproj/Main.storyboard; sourceTree = "<group>"; };
		1B279932218C64A7006302B9 /* Assets.xcassets */ = {isa = PBXFileReference; lastKnownFileType = folder.assetcatalog; path = Assets.xcassets; sourceTree = "<group>"; };
		1B279935218C64A7006302B9 /* Base */ = {isa = PBXFileReference; lastKnownFileType = file.storyboard; name = Base; path = Base.lproj/LaunchScreen.storyboard; sourceTree = "<group>"; };
		1B279937218C64A7006302B9 /* Info.plist */ = {isa = PBXFileReference; lastKnownFileType = text.plist.xml; path = Info.plist; sourceTree = "<group>"; };
		1B27993C218C64A7006302B9 /* FormValidationTestTests.xctest */ = {isa = PBXFileReference; explicitFileType = wrapper.cfbundle; includeInIndex = 0; path = FormValidationTestTests.xctest; sourceTree = BUILT_PRODUCTS_DIR; };
		1B279940218C64A7006302B9 /* FormValidationTestTests.swift */ = {isa = PBXFileReference; lastKnownFileType = sourcecode.swift; path = FormValidationTestTests.swift; sourceTree = "<group>"; };
		1B279942218C64A7006302B9 /* Info.plist */ = {isa = PBXFileReference; lastKnownFileType = text.plist.xml; path = Info.plist; sourceTree = "<group>"; };
/* End PBXFileReference section */

/* Begin PBXFrameworksBuildPhase section */
		1B279925218C64A4006302B9 /* Frameworks */ = {
			isa = PBXFrameworksBuildPhase;
			buildActionMask = 2147483647;
			files = (
			);
			runOnlyForDeploymentPostprocessing = 0;
		};
		1B279939218C64A7006302B9 /* Frameworks */ = {
			isa = PBXFrameworksBuildPhase;
			buildActionMask = 2147483647;
			files = (
			);
			runOnlyForDeploymentPostprocessing = 0;
		};
/* End PBXFrameworksBuildPhase section */

/* Begin PBXGroup section */
		1B27991F218C64A4006302B9 = {
			isa = PBXGroup;
			children = (
				1B27992A218C64A4006302B9 /* FormValidationTest */,
				1B27993F218C64A7006302B9 /* FormValidationTestTests */,
				1B279929218C64A4006302B9 /* Products */,
			);
			sourceTree = "<group>";
		};
		1B279929218C64A4006302B9 /* Products */ = {
			isa = PBXGroup;
			children = (
				1B279928218C64A4006302B9 /* FormValidationTest.app */,
				1B27993C218C64A7006302B9 /* FormValidationTestTests.xctest */,
			);
			name = Products;
			sourceTree = "<group>";
		};
		1B27992A218C64A4006302B9 /* FormValidationTest */ = {
			isa = PBXGroup;
			children = (
				1B27992B218C64A4006302B9 /* AppDelegate.swift */,
				1B27992D218C64A4006302B9 /* ViewController.swift */,
				1B27992F218C64A4006302B9 /* Main.storyboard */,
				1B279932218C64A7006302B9 /* Assets.xcassets */,
				1B279934218C64A7006302B9 /* LaunchScreen.storyboard */,
				1B279937218C64A7006302B9 /* Info.plist */,
			);
			path = FormValidationTest;
			sourceTree = "<group>";
		};
		1B27993F218C64A7006302B9 /* FormValidationTestTests */ = {
			isa = PBXGroup;
			children = (
				1B279940218C64A7006302B9 /* FormValidationTestTests.swift */,
				1B279942218C64A7006302B9 /* Info.plist */,
			);
			path = FormValidationTestTests;
			sourceTree = "<group>";
		};
/* End PBXGroup section */

/* Begin PBXNativeTarget section */
		1B279927218C64A4006302B9 /* FormValidationTest */ = {
			isa = PBXNativeTarget;
			buildConfigurationList = 1B279945218C64A7006302B9 /* Build configuration list for PBXNativeTarget "FormValidationTest" */;
			buildPhases = (
				1B279924218C64A4006302B9 /* Sources */,
				1B279925218C64A4006302B9 /* Frameworks */,
				1B279926218C64A4006302B9 /* Resources */,
			);
			buildRules = (
			);
			dependencies = (
			);
			name = FormValidationTest;
			productName = FormValidationTest;
			productReference = 1B279928218C64A4006302B9 /* FormValidationTest.app */;
			productType = "com.apple.product-type.application";
		};
		1B27993B218C64A7006302B9 /* FormValidationTestTests */ = {
			isa = PBXNativeTarget;
			buildConfigurationList = 1B279948218C64A7006302B9 /* Build configuration list for PBXNativeTarget "FormValidationTestTests" */;
			buildPhases = (
				1B279938218C64A7006302B9 /* Sources */,
				1B279939218C64A7006302B9 /* Frameworks */,
				1B27993A218C64A7006302B9 /* Resources */,
			);
			buildRules = (
			);
			dependencies = (
				1B27993E218C64A7006302B9 /* PBXTargetDependency */,
			);
			name = FormValidationTestTests;
			productName = FormValidationTestTests;
			productReference = 1B27993C218C64A7006302B9 /* FormValidationTestTests.xctest */;
			productType = "com.apple.product-type.bundle.unit-test";
		};
/* End PBXNativeTarget section */

/* Begin PBXProject section */
		1B279920218C64A4006302B9 /* Project object */ = {
			isa = PBXProject;
			attributes = {
				LastSwiftUpdateCheck = 1010;
				LastUpgradeCheck = 1010;
				ORGANIZATIONNAME = "Maxim Kovalko";
				TargetAttributes = {
					1B279927218C64A4006302B9 = {
						CreatedOnToolsVersion = 10.1;
					};
					1B27993B218C64A7006302B9 = {
						CreatedOnToolsVersion = 10.1;
						TestTargetID = 1B279927218C64A4006302B9;
					};
				};
			};
			buildConfigurationList = 1B279923218C64A4006302B9 /* Build configuration list for PBXProject "FormValidationTest" */;
			compatibilityVersion = "Xcode 9.3";
			developmentRegion = en;
			hasScannedForEncodings = 0;
			knownRegions = (
				en,
				Base,
			);
			mainGroup = 1B27991F218C64A4006302B9;
			productRefGroup = 1B279929218C64A4006302B9 /* Products */;
			projectDirPath = "";
			projectRoot = "";
			targets = (
				1B279927218C64A4006302B9 /* FormValidationTest */,
				1B27993B218C64A7006302B9 /* FormValidationTestTests */,
			);
		};
/* End PBXProject section */

/* Begin PBXResourcesBuildPhase section */
		1B279926218C64A4006302B9 /* Resources */ = {
			isa = PBXResourcesBuildPhase;
			buildActionMask = 2147483647;
			files = (
				1B279936218C64A7006302B9 /* LaunchScreen.storyboard in Resources */,
				1B279933218C64A7006302B9 /* Assets.xcassets in Resources */,
				1B279931218C64A4006302B9 /* Main.storyboard in Resources */,
			);
			runOnlyForDeploymentPostprocessing = 0;
		};
		1B27993A218C64A7006302B9 /* Resources */ = {
			isa = PBXResourcesBuildPhase;
			buildActionMask = 2147483647;
			files = (
			);
			runOnlyForDeploymentPostprocessing = 0;
		};
/* End PBXResourcesBuildPhase section */

/* Begin PBXSourcesBuildPhase section */
		1B279924218C64A4006302B9 /* Sources */ = {
			isa = PBXSourcesBuildPhase;
			buildActionMask = 2147483647;
			files = (
				1B27992E218C64A4006302B9 /* ViewController.swift in Sources */,
				1B27992C218C64A4006302B9 /* AppDelegate.swift in Sources */,
			);
			runOnlyForDeploymentPostprocessing = 0;
		};
		1B279938218C64A7006302B9 /* Sources */ = {
			isa = PBXSourcesBuildPhase;
			buildActionMask = 2147483647;
			files = (
				1B279941218C64A7006302B9 /* FormValidationTestTests.swift in Sources */,
			);
			runOnlyForDeploymentPostprocessing = 0;
		};
/* End PBXSourcesBuildPhase section */

/* Begin PBXTargetDependency section */
		1B27993E218C64A7006302B9 /* PBXTargetDependency */ = {
			isa = PBXTargetDependency;
			target = 1B279927218C64A4006302B9 /* FormValidationTest */;
			targetProxy = 1B27993D218C64A7006302B9 /* PBXContainerItemProxy */;
		};
/* End PBXTargetDependency section */

/* Begin PBXVariantGroup section */
		1B27992F218C64A4006302B9 /* Main.storyboard */ = {
			isa = PBXVariantGroup;
			children = (
				1B279930218C64A4006302B9 /* Base */,
			);
			name = Main.storyboard;
			sourceTree = "<group>";
		};
		1B279934218C64A7006302B9 /* LaunchScreen.storyboard */ = {
			isa = PBXVariantGroup;
			children = (
				1B279935218C64A7006302B9 /* Base */,
			);
			name = LaunchScreen.storyboard;
			sourceTree = "<group>";
		};
/* End PBXVariantGroup section */

/* Begin XCBuildConfiguration section */
		1B279943218C64A7006302B9 /* Debug */ = {
			isa = XCBuildConfiguration;
			buildSettings = {
				ALWAYS_SEARCH_USER_PATHS = NO;
				CLANG_ANALYZER_NONNULL = YES;
				CLANG_ANALYZER_NUMBER_OBJECT_CONVERSION = YES_AGGRESSIVE;
				CLANG_CXX_LANGUAGE_STANDARD = "gnu++14";
				CLANG_CXX_LIBRARY = "libc++";
				CLANG_ENABLE_MODULES = YES;
				CLANG_ENABLE_OBJC_ARC = YES;
				CLANG_ENABLE_OBJC_WEAK = YES;
				CLANG_WARN_BLOCK_CAPTURE_AUTORELEASING = YES;
				CLANG_WARN_BOOL_CONVERSION = YES;
				CLANG_WARN_COMMA = YES;
				CLANG_WARN_CONSTANT_CONVERSION = YES;
				CLANG_WARN_DEPRECATED_OBJC_IMPLEMENTATIONS = YES;
				CLANG_WARN_DIRECT_OBJC_ISA_USAGE = YES_ERROR;
				CLANG_WARN_DOCUMENTATION_COMMENTS = YES;
				CLANG_WARN_EMPTY_BODY = YES;
				CLANG_WARN_ENUM_CONVERSION = YES;
				CLANG_WARN_INFINITE_RECURSION = YES;
				CLANG_WARN_INT_CONVERSION = YES;
				CLANG_WARN_NON_LITERAL_NULL_CONVERSION = YES;
				CLANG_WARN_OBJC_IMPLICIT_RETAIN_SELF = YES;
				CLANG_WARN_OBJC_LITERAL_CONVERSION = YES;
				CLANG_WARN_OBJC_ROOT_CLASS = YES_ERROR;
				CLANG_WARN_RANGE_LOOP_ANALYSIS = YES;
				CLANG_WARN_STRICT_PROTOTYPES = YES;
				CLANG_WARN_SUSPICIOUS_MOVE = YES;
				CLANG_WARN_UNGUARDED_AVAILABILITY = YES_AGGRESSIVE;
				CLANG_WARN_UNREACHABLE_CODE = YES;
				CLANG_WARN__DUPLICATE_METHOD_MATCH = YES;
				CODE_SIGN_IDENTITY = "iPhone Developer";
				COPY_PHASE_STRIP = NO;
				DEBUG_INFORMATION_FORMAT = dwarf;
				ENABLE_STRICT_OBJC_MSGSEND = YES;
				ENABLE_TESTABILITY = YES;
				GCC_C_LANGUAGE_STANDARD = gnu11;
				GCC_DYNAMIC_NO_PIC = NO;
				GCC_NO_COMMON_BLOCKS = YES;
				GCC_OPTIMIZATION_LEVEL = 0;
				GCC_PREPROCESSOR_DEFINITIONS = (
					"DEBUG=1",
					"$(inherited)",
				);
				GCC_WARN_64_TO_32_BIT_CONVERSION = YES;
				GCC_WARN_ABOUT_RETURN_TYPE = YES_ERROR;
				GCC_WARN_UNDECLARED_SELECTOR = YES;
				GCC_WARN_UNINITIALIZED_AUTOS = YES_AGGRESSIVE;
				GCC_WARN_UNUSED_FUNCTION = YES;
				GCC_WARN_UNUSED_VARIABLE = YES;
				IPHONEOS_DEPLOYMENT_TARGET = 12.1;
				MTL_ENABLE_DEBUG_INFO = INCLUDE_SOURCE;
				MTL_FAST_MATH = YES;
				ONLY_ACTIVE_ARCH = YES;
				SDKROOT = iphoneos;
				SWIFT_ACTIVE_COMPILATION_CONDITIONS = DEBUG;
				SWIFT_OPTIMIZATION_LEVEL = "-Onone";
			};
			name = Debug;
		};
		1B279944218C64A7006302B9 /* Release */ = {
			isa = XCBuildConfiguration;
			buildSettings = {
				ALWAYS_SEARCH_USER_PATHS = NO;
				CLANG_ANALYZER_NONNULL = YES;
				CLANG_ANALYZER_NUMBER_OBJECT_CONVERSION = YES_AGGRESSIVE;
				CLANG_CXX_LANGUAGE_STANDARD = "gnu++14";
				CLANG_CXX_LIBRARY = "libc++";
				CLANG_ENABLE_MODULES = YES;
				CLANG_ENABLE_OBJC_ARC = YES;
				CLANG_ENABLE_OBJC_WEAK = YES;
				CLANG_WARN_BLOCK_CAPTURE_AUTORELEASING = YES;
				CLANG_WARN_BOOL_CONVERSION = YES;
				CLANG_WARN_COMMA = YES;
				CLANG_WARN_CONSTANT_CONVERSION = YES;
				CLANG_WARN_DEPRECATED_OBJC_IMPLEMENTATIONS = YES;
				CLANG_WARN_DIRECT_OBJC_ISA_USAGE = YES_ERROR;
				CLANG_WARN_DOCUMENTATION_COMMENTS = YES;
				CLANG_WARN_EMPTY_BODY = YES;
				CLANG_WARN_ENUM_CONVERSION = YES;
				CLANG_WARN_INFINITE_RECURSION = YES;
				CLANG_WARN_INT_CONVERSION = YES;
				CLANG_WARN_NON_LITERAL_NULL_CONVERSION = YES;
				CLANG_WARN_OBJC_IMPLICIT_RETAIN_SELF = YES;
				CLANG_WARN_OBJC_LITERAL_CONVERSION = YES;
				CLANG_WARN_OBJC_ROOT_CLASS = YES_ERROR;
				CLANG_WARN_RANGE_LOOP_ANALYSIS = YES;
				CLANG_WARN_STRICT_PROTOTYPES = YES;
				CLANG_WARN_SUSPICIOUS_MOVE = YES;
				CLANG_WARN_UNGUARDED_AVAILABILITY = YES_AGGRESSIVE;
				CLANG_WARN_UNREACHABLE_CODE = YES;
				CLANG_WARN__DUPLICATE_METHOD_MATCH = YES;
				CODE_SIGN_IDENTITY = "iPhone Developer";
				COPY_PHASE_STRIP = NO;
				DEBUG_INFORMATION_FORMAT = "dwarf-with-dsym";
				ENABLE_NS_ASSERTIONS = NO;
				ENABLE_STRICT_OBJC_MSGSEND = YES;
				GCC_C_LANGUAGE_STANDARD = gnu11;
				GCC_NO_COMMON_BLOCKS = YES;
				GCC_WARN_64_TO_32_BIT_CONVERSION = YES;
				GCC_WARN_ABOUT_RETURN_TYPE = YES_ERROR;
				GCC_WARN_UNDECLARED_SELECTOR = YES;
				GCC_WARN_UNINITIALIZED_AUTOS = YES_AGGRESSIVE;
				GCC_WARN_UNUSED_FUNCTION = YES;
				GCC_WARN_UNUSED_VARIABLE = YES;
				IPHONEOS_DEPLOYMENT_TARGET = 12.1;
				MTL_ENABLE_DEBUG_INFO = NO;
				MTL_FAST_MATH = YES;
				SDKROOT = iphoneos;
				SWIFT_COMPILATION_MODE = wholemodule;
				SWIFT_OPTIMIZATION_LEVEL = "-O";
				VALIDATE_PRODUCT = YES;
			};
			name = Release;
		};
		1B279946218C64A7006302B9 /* Debug */ = {
			isa = XCBuildConfiguration;
			buildSettings = {
				ASSETCATALOG_COMPILER_APPICON_NAME = AppIcon;
				CODE_SIGN_STYLE = Automatic;
				DEVELOPMENT_TEAM = ZS9A3Y8V79;
				INFOPLIST_FILE = FormValidationTest/Info.plist;
				LD_RUNPATH_SEARCH_PATHS = (
					"$(inherited)",
					"@executable_path/Frameworks",
				);
				PRODUCT_BUNDLE_IDENTIFIER = com.app.FormValidationTest;
				PRODUCT_NAME = "$(TARGET_NAME)";
				SWIFT_VERSION = 4.2;
				TARGETED_DEVICE_FAMILY = "1,2";
			};
			name = Debug;
		};
		1B279947218C64A7006302B9 /* Release */ = {
			isa = XCBuildConfiguration;
			buildSettings = {
				ASSETCATALOG_COMPILER_APPICON_NAME = AppIcon;
				CODE_SIGN_STYLE = Automatic;
				DEVELOPMENT_TEAM = ZS9A3Y8V79;
				INFOPLIST_FILE = FormValidationTest/Info.plist;
				LD_RUNPATH_SEARCH_PATHS = (
					"$(inherited)",
					"@executable_path/Frameworks",
				);
				PRODUCT_BUNDLE_IDENTIFIER = com.app.FormValidationTest;
				PRODUCT_NAME = "$(TARGET_NAME)";
				SWIFT_VERSION = 4.2;
				TARGETED_DEVICE_FAMILY = "1,2";
			};
			name = Release;
		};
		1B279949218C64A7006302B9 /* Debug */ = {
			isa = XCBuildConfiguration;
			buildSettings = {
				ALWAYS_EMBED_SWIFT_STANDARD_LIBRARIES = YES;
				BUNDLE_LOADER = "$(TEST_HOST)";
				CODE_SIGN_STYLE = Automatic;
				DEVELOPMENT_TEAM = ZS9A3Y8V79;
				INFOPLIST_FILE = FormValidationTestTests/Info.plist;
				LD_RUNPATH_SEARCH_PATHS = (
					"$(inherited)",
					"@executable_path/Frameworks",
					"@loader_path/Frameworks",
				);
				PRODUCT_BUNDLE_IDENTIFIER = com.app.FormValidationTestTests;
				PRODUCT_NAME = "$(TARGET_NAME)";
				SWIFT_VERSION = 4.2;
				TARGETED_DEVICE_FAMILY = "1,2";
				TEST_HOST = "$(BUILT_PRODUCTS_DIR)/FormValidationTest.app/FormValidationTest";
			};
			name = Debug;
		};
		1B27994A218C64A7006302B9 /* Release */ = {
			isa = XCBuildConfiguration;
			buildSettings = {
				ALWAYS_EMBED_SWIFT_STANDARD_LIBRARIES = YES;
				BUNDLE_LOADER = "$(TEST_HOST)";
				CODE_SIGN_STYLE = Automatic;
				DEVELOPMENT_TEAM = ZS9A3Y8V79;
				INFOPLIST_FILE = FormValidationTestTests/Info.plist;
				LD_RUNPATH_SEARCH_PATHS = (
					"$(inherited)",
					"@executable_path/Frameworks",
					"@loader_path/Frameworks",
				);
				PRODUCT_BUNDLE_IDENTIFIER = com.app.FormValidationTestTests;
				PRODUCT_NAME = "$(TARGET_NAME)";
				SWIFT_VERSION = 4.2;
				TARGETED_DEVICE_FAMILY = "1,2";
				TEST_HOST = "$(BUILT_PRODUCTS_DIR)/FormValidationTest.app/FormValidationTest";
			};
			name = Release;
		};
/* End XCBuildConfiguration section */

/* Begin XCConfigurationList section */
		1B279923218C64A4006302B9 /* Build configuration list for PBXProject "FormValidationTest" */ = {
			isa = XCConfigurationList;
			buildConfigurations = (
				1B279943218C64A7006302B9 /* Debug */,
				1B279944218C64A7006302B9 /* Release */,
			);
			defaultConfigurationIsVisible = 0;
			defaultConfigurationName = Release;
		};
		1B279945218C64A7006302B9 /* Build configuration list for PBXNativeTarget "FormValidationTest" */ = {
			isa = XCConfigurationList;
			buildConfigurations = (
				1B279946218C64A7006302B9 /* Debug */,
				1B279947218C64A7006302B9 /* Release */,
			);
			defaultConfigurationIsVisible = 0;
			defaultConfigurationName = Release;
		};
		1B279948218C64A7006302B9 /* Build configuration list for PBXNativeTarget "FormValidationTestTests" */ = {
			isa = XCConfigurationList;
			buildConfigurations = (
				1B279949218C64A7006302B9 /* Debug */,
				1B27994A218C64A7006302B9 /* Release */,
			);
			defaultConfigurationIsVisible = 0;
			defaultConfigurationName = Release;
		};
/* End XCConfigurationList section */
	};
	rootObject = 1B279920218C64A4006302B9 /* Project object */;
}
